
Microsoft Visual Studio Solution File, Format Version 12.00
# Visual Studio Version 17
VisualStudioVersion = 17.8.34408.163
MinimumVisualStudioVersion = 10.0.40219.1
Project("{FAE04EC0-301F-11D3-BF4B-00C04F79EFBC}") = "LibrarySystemB", "LibrarySystemB\LibrarySystemB.csproj", "{C44F5A95-0B42-4E69-9319-B48F5A48558B}"
EndProject
Project("{FAE04EC0-301F-11D3-BF4B-00C04F79EFBC}") = "UnitTestProject2", "UnitTestProject2\UnitTestProject2.csproj", "{D3C94E09-7AE2-4346-9537-F0B51DECCE5C}"
EndProject
Global
	GlobalSection(SolutionConfigurationPlatforms) = preSolution
		Debug|Any CPU = Debug|Any CPU
		Release|Any CPU = Release|Any CPU
	EndGlobalSection
	GlobalSection(ProjectConfigurationPlatforms) = postSolution
		{C44F5A95-0B42-4E69-9319-B48F5A48558B}.Debug|Any CPU.ActiveCfg = Debug|Any CPU
		{C44F5A95-0B42-4E69-9319-B48F5A48558B}.Debug|Any CPU.Build.0 = Debug|Any CPU
		{C44F5A95-0B42-4E69-9319-B48F5A48558B}.Release|Any CPU.ActiveCfg = Release|Any CPU
		{C44F5A95-0B42-4E69-9319-B48F5A48558B}.Release|Any CPU.Build.0 = Release|Any CPU
		{D3C94E09-7AE2-4346-9537-F0B51DECCE5C}.Debug|Any CPU.ActiveCfg = Debug|Any CPU
		{D3C94E09-7AE2-4346-9537-F0B51DECCE5C}.Debug|Any CPU.Build.0 = Debug|Any CPU
		{D3C94E09-7AE2-4346-9537-F0B51DECCE5C}.Release|Any CPU.ActiveCfg = Release|Any CPU
		{D3C94E09-7AE2-4346-9537-F0B51DECCE5C}.Release|Any CPU.Build.0 = Release|Any CPU
	EndGlobalSection
	GlobalSection(SolutionProperties) = preSolution
		HideSolutionNode = FALSE
	EndGlobalSection
	GlobalSection(ExtensibilityGlobals) = postSolution
		SolutionGuid = {DA2C0EAE-8B6E-4C0B-9905-34A19DECADF1}
	EndGlobalSection
EndGlobal
